
Microsoft Visual Studio Solution File, Format Version 12.00
# Visual Studio Version 16
VisualStudioVersion = 16.0.30717.126
MinimumVisualStudioVersion = 10.0.40219.1
Project("{FAE04EC0-301F-11D3-BF4B-00C04F79EFBC}") = "KTID_Splitter", "KTID_Splitter\KTID_Splitter.csproj", "{64669AE2-37B4-4BF9-B302-569E48A95F35}"
EndProject
Global
	GlobalSection(SolutionConfigurationPlatforms) = preSolution
		Debug|Any CPU = Debug|Any CPU
		Release|Any CPU = Release|Any CPU
	EndGlobalSection
	GlobalSection(ProjectConfigurationPlatforms) = postSolution
		{64669AE2-37B4-4BF9-B302-569E48A95F35}.Debug|Any CPU.ActiveCfg = Debug|Any CPU
		{64669AE2-37B4-4BF9-B302-569E48A95F35}.Debug|Any CPU.Build.0 = Debug|Any CPU
		{64669AE2-37B4-4BF9-B302-569E48A95F35}.Release|Any CPU.ActiveCfg = Release|Any CPU
		{64669AE2-37B4-4BF9-B302-569E48A95F35}.Release|Any CPU.Build.0 = Release|Any CPU
	EndGlobalSection
	GlobalSection(SolutionProperties) = preSolution
		HideSolutionNode = FALSE
	EndGlobalSection
	GlobalSection(ExtensibilityGlobals) = postSolution
		SolutionGuid = {834883D4-F975-48C0-A1BE-9B980DC6B751}
	EndGlobalSection
EndGlobal
